{
  "lockfileVersion": 2,
  "integrity": "sha256-16:5879b15157d7112e",
  "note": "Per-skill hash = sha256 (16 hex) over every file in the skill dir; doctrine = shared/ + policies/ (vendored into native bundles). Regenerate with scripts/dev/update-lock.mjs; verify with --check.",
  "doctrine": {
    "shared": "sha256-16:2d4a8159fa616c33",
    "policies": "sha256-16:8bff89dce22a1638"
  },
  "skills": {
    "penpot-router": {
      "version": "0.3.0",
      "hash": "sha256-16:b38bcf409b3bb414"
    },
    "penpot-foundations": {
      "version": "0.2.1",
      "hash": "sha256-16:6c6233de92aa85b3"
    },
    "penpot-component-factory": {
      "version": "0.3.0",
      "hash": "sha256-16:57051ae24d927a56"
    },
    "penpot-build-screen": {
      "version": "0.4.0",
      "hash": "sha256-16:ed15d895c98e9297"
    },
    "penpot-build-from-code": {
      "version": "0.3.0",
      "hash": "sha256-16:86f8226140582c72"
    },
    "penpot-build-deck": {
      "version": "0.1.0",
      "hash": "sha256-16:ac37bffccb90e63b"
    },
    "penpot-document-handoff": {
      "version": "0.2.1",
      "hash": "sha256-16:a04ad0e40bd572a8"
    },
    "penpot-audit-accessibility": {
      "version": "0.3.0",
      "hash": "sha256-16:ee8fc0a854132363"
    },
    "penpot-audit-tokens": {
      "version": "0.2.1",
      "hash": "sha256-16:5a21d0ad04e0ffb6"
    },
    "penpot-design-to-code-review": {
      "version": "0.2.1",
      "hash": "sha256-16:ae10390de02f93d0"
    },
    "penpot-migrate": {
      "version": "0.2.1",
      "hash": "sha256-16:bfb25201f952c34e"
    },
    "penpot-rename-layers": {
      "version": "0.2.1",
      "hash": "sha256-16:8ceb7657791d35d2"
    },
    "penpot-design-md": {
      "version": "0.2.1",
      "hash": "sha256-16:0d4ed4ac4a8c9aa9"
    },
    "kmp-router": {
      "version": "0.1.0",
      "hash": "sha256-16:7e475b82b0e2993a"
    },
    "kmp-init": {
      "version": "0.1.0",
      "hash": "sha256-16:a69fcd7a952ca6d9"
    },
    "kmp-create-feature": {
      "version": "0.1.0",
      "hash": "sha256-16:a26a8d5d3915d109"
    },
    "kmp-modify-feature": {
      "version": "0.1.0",
      "hash": "sha256-16:ab05cb9a286c1cf5"
    },
    "kmp-review-feature": {
      "version": "0.1.0",
      "hash": "sha256-16:0f561c26cc128cae"
    },
    "kmp-test-feature": {
      "version": "0.1.0",
      "hash": "sha256-16:7918576e8592bcfb"
    },
    "kmp-bridge-swift": {
      "version": "0.1.0",
      "hash": "sha256-16:59338b44739fdecb"
    },
    "kmp-using-design-system": {
      "version": "0.1.0",
      "hash": "sha256-16:bb6af4ff8033a000"
    }
  }
}
